
Microsoft Visual Studio Solution File, Format Version 12.00
# Visual Studio 15
VisualStudioVersion = 15.0.26124.0
MinimumVisualStudioVersion = 15.0.26124.0
Project("{FAE04EC0-301F-11D3-BF4B-00C04F79EFBC}") = "stock-cli", "stock-cli\stock-cli.csproj", "{E76F76F1-F003-4F64-AFD2-0B45ECF922B1}"
EndProject
Project("{FAE04EC0-301F-11D3-BF4B-00C04F79EFBC}") = "StockTest", "StockTest\StockTest.csproj", "{6A4AB054-EDA0-4C97-B050-441FE67D5377}"
EndProject
Global
	GlobalSection(SolutionConfigurationPlatforms) = preSolution
		Debug|Any CPU = Debug|Any CPU
		Debug|x64 = Debug|x64
		Debug|x86 = Debug|x86
		Release|Any CPU = Release|Any CPU
		Release|x64 = Release|x64
		Release|x86 = Release|x86
	EndGlobalSection
	GlobalSection(SolutionProperties) = preSolution
		HideSolutionNode = FALSE
	EndGlobalSection
	GlobalSection(ProjectConfigurationPlatforms) = postSolution
		{E76F76F1-F003-4F64-AFD2-0B45ECF922B1}.Debug|Any CPU.ActiveCfg = Debug|Any CPU
		{E76F76F1-F003-4F64-AFD2-0B45ECF922B1}.Debug|Any CPU.Build.0 = Debug|Any CPU
		{E76F76F1-F003-4F64-AFD2-0B45ECF922B1}.Debug|x64.ActiveCfg = Debug|Any CPU
		{E76F76F1-F003-4F64-AFD2-0B45ECF922B1}.Debug|x64.Build.0 = Debug|Any CPU
		{E76F76F1-F003-4F64-AFD2-0B45ECF922B1}.Debug|x86.ActiveCfg = Debug|Any CPU
		{E76F76F1-F003-4F64-AFD2-0B45ECF922B1}.Debug|x86.Build.0 = Debug|Any CPU
		{E76F76F1-F003-4F64-AFD2-0B45ECF922B1}.Release|Any CPU.ActiveCfg = Release|Any CPU
		{E76F76F1-F003-4F64-AFD2-0B45ECF922B1}.Release|Any CPU.Build.0 = Release|Any CPU
		{E76F76F1-F003-4F64-AFD2-0B45ECF922B1}.Release|x64.ActiveCfg = Release|Any CPU
		{E76F76F1-F003-4F64-AFD2-0B45ECF922B1}.Release|x64.Build.0 = Release|Any CPU
		{E76F76F1-F003-4F64-AFD2-0B45ECF922B1}.Release|x86.ActiveCfg = Release|Any CPU
		{E76F76F1-F003-4F64-AFD2-0B45ECF922B1}.Release|x86.Build.0 = Release|Any CPU
		{6A4AB054-EDA0-4C97-B050-441FE67D5377}.Debug|Any CPU.ActiveCfg = Debug|Any CPU
		{6A4AB054-EDA0-4C97-B050-441FE67D5377}.Debug|Any CPU.Build.0 = Debug|Any CPU
		{6A4AB054-EDA0-4C97-B050-441FE67D5377}.Debug|x64.ActiveCfg = Debug|Any CPU
		{6A4AB054-EDA0-4C97-B050-441FE67D5377}.Debug|x64.Build.0 = Debug|Any CPU
		{6A4AB054-EDA0-4C97-B050-441FE67D5377}.Debug|x86.ActiveCfg = Debug|Any CPU
		{6A4AB054-EDA0-4C97-B050-441FE67D5377}.Debug|x86.Build.0 = Debug|Any CPU
		{6A4AB054-EDA0-4C97-B050-441FE67D5377}.Release|Any CPU.ActiveCfg = Release|Any CPU
		{6A4AB054-EDA0-4C97-B050-441FE67D5377}.Release|Any CPU.Build.0 = Release|Any CPU
		{6A4AB054-EDA0-4C97-B050-441FE67D5377}.Release|x64.ActiveCfg = Release|Any CPU
		{6A4AB054-EDA0-4C97-B050-441FE67D5377}.Release|x64.Build.0 = Release|Any CPU
		{6A4AB054-EDA0-4C97-B050-441FE67D5377}.Release|x86.ActiveCfg = Release|Any CPU
		{6A4AB054-EDA0-4C97-B050-441FE67D5377}.Release|x86.Build.0 = Release|Any CPU
	EndGlobalSection
EndGlobal
